
Microsoft Visual Studio Solution File, Format Version 12.00
# Visual Studio Version 17
VisualStudioVersion = 17.7.34018.315
MinimumVisualStudioVersion = 10.0.40219.1
Project("{9A19103F-16F7-4668-BE54-9A1E7A4F7556}") = "BookingServer", "BookingServer\BookingServer.csproj", "{F2780D60-0E5B-4CE5-AF49-F438CAE34395}"
EndProject
Project("{9A19103F-16F7-4668-BE54-9A1E7A4F7556}") = "Infrastructure", "Infrastructure\Infrastructure.csproj", "{A8CEF1F5-4B9A-487B-9F9E-5E99E748E274}"
EndProject
Project("{9A19103F-16F7-4668-BE54-9A1E7A4F7556}") = "Domain", "Domain\Domain.csproj", "{BB8D2DD0-6162-43C2-9F5F-D05B4985748F}"
EndProject
Project("{9A19103F-16F7-4668-BE54-9A1E7A4F7556}") = "Services", "Services\Services.csproj", "{15D3BD3E-0278-4F30-BC88-97C5E55F6E72}"
EndProject
Global
	GlobalSection(SolutionConfigurationPlatforms) = preSolution
		Debug|Any CPU = Debug|Any CPU
		Release|Any CPU = Release|Any CPU
	EndGlobalSection
	GlobalSection(ProjectConfigurationPlatforms) = postSolution
		{F2780D60-0E5B-4CE5-AF49-F438CAE34395}.Debug|Any CPU.ActiveCfg = Debug|Any CPU
		{F2780D60-0E5B-4CE5-AF49-F438CAE34395}.Debug|Any CPU.Build.0 = Debug|Any CPU
		{F2780D60-0E5B-4CE5-AF49-F438CAE34395}.Release|Any CPU.ActiveCfg = Release|Any CPU
		{F2780D60-0E5B-4CE5-AF49-F438CAE34395}.Release|Any CPU.Build.0 = Release|Any CPU
		{A8CEF1F5-4B9A-487B-9F9E-5E99E748E274}.Debug|Any CPU.ActiveCfg = Debug|Any CPU
		{A8CEF1F5-4B9A-487B-9F9E-5E99E748E274}.Debug|Any CPU.Build.0 = Debug|Any CPU
		{A8CEF1F5-4B9A-487B-9F9E-5E99E748E274}.Release|Any CPU.ActiveCfg = Release|Any CPU
		{A8CEF1F5-4B9A-487B-9F9E-5E99E748E274}.Release|Any CPU.Build.0 = Release|Any CPU
		{BB8D2DD0-6162-43C2-9F5F-D05B4985748F}.Debug|Any CPU.ActiveCfg = Debug|Any CPU
		{BB8D2DD0-6162-43C2-9F5F-D05B4985748F}.Debug|Any CPU.Build.0 = Debug|Any CPU
		{BB8D2DD0-6162-43C2-9F5F-D05B4985748F}.Release|Any CPU.ActiveCfg = Release|Any CPU
		{BB8D2DD0-6162-43C2-9F5F-D05B4985748F}.Release|Any CPU.Build.0 = Release|Any CPU
		{15D3BD3E-0278-4F30-BC88-97C5E55F6E72}.Debug|Any CPU.ActiveCfg = Debug|Any CPU
		{15D3BD3E-0278-4F30-BC88-97C5E55F6E72}.Debug|Any CPU.Build.0 = Debug|Any CPU
		{15D3BD3E-0278-4F30-BC88-97C5E55F6E72}.Release|Any CPU.ActiveCfg = Release|Any CPU
		{15D3BD3E-0278-4F30-BC88-97C5E55F6E72}.Release|Any CPU.Build.0 = Release|Any CPU
	EndGlobalSection
	GlobalSection(SolutionProperties) = preSolution
		HideSolutionNode = FALSE
	EndGlobalSection
	GlobalSection(ExtensibilityGlobals) = postSolution
		SolutionGuid = {47568826-37F1-4976-AD72-8FA43052772A}
	EndGlobalSection
EndGlobal
